<?xml version="1.0" encoding="utf-8"?>
<Project ToolsVersion="4.0" xmlns="http://schemas.microsoft.com/developer/msbuild/2003">
  <ItemGroup>
    <Filter Include="Source Files">
      <UniqueIdentifier>{4FC737F1-C7A5-4376-A066-2A32D752A2FF}</UniqueIdentifier>
      <Extensions>cpp;c;cc;cxx;def;odl;idl;hpj;bat;asm;asmx</Extensions>
    </Filter>
    <Filter Include="Header Files">
      <UniqueIdentifier>{93995380-89BD-4b04-88EB-625FBE52EBFB}</UniqueIdentifier>
      <Extensions>h;hh;hpp;hxx;hm;inl;inc;xsd</Extensions>
    </Filter>
    <Filter Include="Resource Files">
      <UniqueIdentifier>{67DA6AB6-F800-4c08-8B7A-83BB121AAD01}</UniqueIdentifier>
      <Extensions>rc;ico;cur;bmp;dlg;rc2;rct;bin;rgs;gif;jpg;jpeg;jpe;resx;tiff;tif;png;wav;mfcribbon-ms</Extensions>
    </Filter>
  </ItemGroup>
  <ItemGroup>
    <ClCompile Include="part1ex1.cpp">
      <Filter>Source Files</Filter>
    </ClCompile>
    <ClCompile Include="part1ex2.cpp">
      <Filter>Source Files</Filter>
    </ClCompile>
    <ClCompile Include="part1ex3.cpp">
      <Filter>Source Files</Filter>
    </ClCompile>
    <ClCompile Include="part1ex4.cpp">
      <Filter>Source Files</Filter>
    </ClCompile>
    <ClCompile Include="part1ex5.cpp">
      <Filter>Source Files</Filter>
    </ClCompile>
    <ClCompile Include="part1ex6.cpp">
      <Filter>Source Files</Filter>
    </ClCompile>
    <ClCompile Include="part1ex7.cpp">
      <Filter>Source Files</Filter>
    </ClCompile>
    <ClCompile Include="limits.cpp">
      <Filter>Source Files</Filter>
    </ClCompile>
    <ClCompile Include="exceed.cpp">
      <Filter>Source Files</Filter>
    </ClCompile>
    <ClCompile Include="hexoct1.cpp">
      <Filter>Source Files</Filter>
    </ClCompile>
    <ClCompile Include="hexoct2.cpp">
      <Filter>Source Files</Filter>
    </ClCompile>
    <ClCompile Include="chartype.cpp">
      <Filter>Source Files</Filter>
    </ClCompile>
    <ClCompile Include="morechar.cpp">
      <Filter>Source Files</Filter>
    </ClCompile>
    <ClCompile Include="bondini.cpp">
      <Filter>Source Files</Filter>
    </ClCompile>
    <ClCompile Include="floatNum.cpp">
      <Filter>Source Files</Filter>
    </ClCompile>
    <ClCompile Include="arith.cpp">
      <Filter>Source Files</Filter>
    </ClCompile>
    <ClCompile Include="divide.cpp">
      <Filter>Source Files</Filter>
    </ClCompile>
    <ClCompile Include="modulus.cpp">
      <Filter>Source Files</Filter>
    </ClCompile>
    <ClCompile Include="assign.cpp">
      <Filter>Source Files</Filter>
    </ClCompile>
    <ClCompile Include="typecast.cpp">
      <Filter>Source Files</Filter>
    </ClCompile>
    <ClCompile Include="part3ex1.cpp">
      <Filter>Source Files</Filter>
    </ClCompile>
    <ClCompile Include="part3ex2.cpp">
      <Filter>Source Files</Filter>
    </ClCompile>
    <ClCompile Include="part3ex3.cpp">
      <Filter>Source Files</Filter>
    </ClCompile>
    <ClCompile Include="part3ex4.cpp">
      <Filter>Source Files</Filter>
    </ClCompile>
    <ClCompile Include="part3ex5.cpp">
      <Filter>Source Files</Filter>
    </ClCompile>
    <ClCompile Include="part3ex6.cpp">
      <Filter>Source Files</Filter>
    </ClCompile>
    <ClCompile Include="part3ex7.cpp">
      <Filter>Source Files</Filter>
    </ClCompile>
    <ClCompile Include="arrayone.cpp">
      <Filter>Source Files</Filter>
    </ClCompile>
    <ClCompile Include="calcSizeOfArr.cpp">
      <Filter>Source Files</Filter>
    </ClCompile>
    <ClCompile Include="stringsArr.cpp">
      <Filter>Source Files</Filter>
    </ClCompile>
    <ClCompile Include="instr1.cpp">
      <Filter>Source Files</Filter>
    </ClCompile>
    <ClCompile Include="numStr.cpp">
      <Filter>Source Files</Filter>
    </ClCompile>
    <ClCompile Include="strType1.cpp">
      <Filter>Source Files</Filter>
    </ClCompile>
    <ClCompile Include="strType2.cpp">
      <Filter>Source Files</Filter>
    </ClCompile>
    <ClCompile Include="strType3.cpp">
      <Filter>Source Files</Filter>
    </ClCompile>
    <ClCompile Include="strType4.cpp">
      <Filter>Source Files</Filter>
    </ClCompile>
    <ClCompile Include="part4ex1.cpp">
      <Filter>Source Files</Filter>
    </ClCompile>
    <ClCompile Include="part4ex2.cpp">
      <Filter>Source Files</Filter>
    </ClCompile>
    <ClCompile Include="part4ex3.cpp">
      <Filter>Source Files</Filter>
    </ClCompile>
    <ClCompile Include="part4ex4.cpp">
      <Filter>Source Files</Filter>
    </ClCompile>
    <ClCompile Include="part4ex5.cpp">
      <Filter>Source Files</Filter>
    </ClCompile>
    <ClCompile Include="part4ex6.cpp">
      <Filter>Source Files</Filter>
    </ClCompile>
    <ClCompile Include="part4ex7.cpp">
      <Filter>Source Files</Filter>
    </ClCompile>
  </ItemGroup>
</Project>